Microsoft Visual Studio Solution File, Format Version 9.00
# Visual Studio 2005
Project("{FAE04EC0-301F-11D3-BF4B-00C04F79EFBC}") = "MysteriousHang", "MysteriousHang\MysteriousHang_2_0.csproj", "{DD64466B-4211-4FB6-BCD9-BA121A6C4EAA}"
EndProject
Global
	GlobalSection(SolutionConfigurationPlatforms) = preSolution
		Debug|Any CPU = Debug|Any CPU
		Release|Any CPU = Release|Any CPU
	EndGlobalSection
	GlobalSection(ProjectConfigurationPlatforms) = postSolution
		{DD64466B-4211-4FB6-BCD9-BA121A6C4EAA}.Debug|Any CPU.ActiveCfg = Debug|Any CPU
		{DD64466B-4211-4FB6-BCD9-BA121A6C4EAA}.Debug|Any CPU.Build.0 = Debug|Any CPU
		{DD64466B-4211-4FB6-BCD9-BA121A6C4EAA}.Release|Any CPU.ActiveCfg = Release|Any CPU
		{DD64466B-4211-4FB6-BCD9-BA121A6C4EAA}.Release|Any CPU.Build.0 = Release|Any CPU
		{643EFBD4-F02D-481F-8BD4-DED66CD63800}.Debug|Any CPU.ActiveCfg = Debug|Any CPU
		{643EFBD4-F02D-481F-8BD4-DED66CD63800}.Debug|Any CPU.Build.0 = Debug|Any CPU
		{643EFBD4-F02D-481F-8BD4-DED66CD63800}.Release|Any CPU.ActiveCfg = Release|Any CPU
		{643EFBD4-F02D-481F-8BD4-DED66CD63800}.Release|Any CPU.Build.0 = Release|Any CPU
	EndGlobalSection
	GlobalSection(SolutionProperties) = preSolution
		HideSolutionNode = FALSE
	EndGlobalSection
EndGlobal
